# THIS IS AN AUTOGENERATED FILE. DO NOT EDIT THIS FILE DIRECTLY.
# yarn lockfile v1


"@moonrepo/cli@^0.22.0":
  version "0.22.0"
  resolved "https://registry.npmjs.org/@moonrepo/cli/-/cli-0.22.0.tgz"
  integrity sha512-rmzLPbnploQoGIhaiWKijwZvZTZsljSBFw6B4k/gcidTiGLWGC6dxM9NJzHLARE0gabGczMKrCfZzlFPRoXD4w==
  dependencies:
    detect-libc "^2.0.1"
  optionalDependencies:
    "@moonrepo/core-linux-arm64-gnu" "^0.22.0"
    "@moonrepo/core-linux-arm64-musl" "^0.22.0"
    "@moonrepo/core-linux-x64-gnu" "^0.22.0"
    "@moonrepo/core-linux-x64-musl" "^0.22.0"
    "@moonrepo/core-macos-arm64" "^0.22.0"
    "@moonrepo/core-macos-x64" "^0.22.0"
    "@moonrepo/core-windows-x64-msvc" "^0.22.0"

"@moonrepo/core-linux-arm64-gnu@^0.22.0":
  version "0.22.0"
  resolved "https://registry.yarnpkg.com/@moonrepo/core-linux-arm64-gnu/-/core-linux-arm64-gnu-0.22.0.tgz#92e3b0fa9578ec43f872b43abdfa3931283664c9"
  integrity sha512-0rGr2PCQLTNJOL6vbf5SutVSYDtuVmJTX5lcoPeh8qeYyQGNfyYq7u4lWrPnxX8LgoLC5sDnK9VdMcDRGJ01gA==

"@moonrepo/core-linux-arm64-musl@^0.22.0":
  version "0.22.0"
  resolved "https://registry.yarnpkg.com/@moonrepo/core-linux-arm64-musl/-/core-linux-arm64-musl-0.22.0.tgz#69271f1c858f98ec27b1fbfee334755ea4e404f4"
  integrity sha512-gDSO+l0V3A+LDYeqHuNhQPyPMkWqtp6LAwU0SfrUdTvMFSzK1vYFUOwJD+JV1bxTZZdfKyzR6jwW94Vtf/KQ+Q==

"@moonrepo/core-linux-x64-gnu@^0.22.0":
  version "0.22.0"
  resolved "https://registry.yarnpkg.com/@moonrepo/core-linux-x64-gnu/-/core-linux-x64-gnu-0.22.0.tgz#a2ec63be4d8bc69ecb2bb82f71b12c3aaf33dbdc"
  integrity sha512-cQfR0qURfTaJsKEHBNl1gdHflZb9cCtifSTRbF/cOO1irZZMLj57TVNfPvOJ3Hp+667hi2m8xuA05j8kdS0g2Q==

"@moonrepo/core-linux-x64-musl@^0.22.0":
  version "0.22.0"
  resolved "https://registry.yarnpkg.com/@moonrepo/core-linux-x64-musl/-/core-linux-x64-musl-0.22.0.tgz#541a81d7a351d843336c81244c62053cff15da11"
  integrity sha512-sBXMthjEmwZwdanns6WaTPMJBmNsFZs5H3tKb0bXCttZssiRQJYL3dXHa8bNqQs5PvJHHPkAeWG1mfYl/oR6PQ==

"@moonrepo/core-macos-arm64@^0.22.0":
  version "0.22.0"
  resolved "https://registry.npmjs.org/@moonrepo/core-macos-arm64/-/core-macos-arm64-0.22.0.tgz"
  integrity sha512-Bsb4qBsyssXFi9yrkFU6dqAZ9COwRS3LykBSnAVwoiM3HkoyhguDXklWUdGUZg+dUSJV1XFgnXDwaCJhh9H+FQ==

"@moonrepo/core-macos-x64@^0.22.0":
  version "0.22.0"
  resolved "https://registry.yarnpkg.com/@moonrepo/core-macos-x64/-/core-macos-x64-0.22.0.tgz#b330172aae2cb28ecc26b6dfafb88569e5b266b8"
  integrity sha512-atkgBNUxbs7eQ2GPUzfZV0D30j8HHlmljmW1uq47QziAI7Rd4ospLQSuyCfHcGQg3Vo2KNvW/94YbbG4i4RVjw==

"@moonrepo/core-windows-x64-msvc@^0.22.0":
  version "0.22.0"
  resolved "https://registry.yarnpkg.com/@moonrepo/core-windows-x64-msvc/-/core-windows-x64-msvc-0.22.0.tgz#a706d2558579eeefdeaade80082c997f8abe7ba9"
  integrity sha512-B3L/CjLkK2EmDyDsZr2K/g/CfS0bRRX4bRP7n9CqJ3RmWGGmY2pXdrZyBVIlgLCnPwAVyK3m/3UaePB0AtFQnQ==

"@stablelib/binary@^1.0.1":
  version "1.0.1"
  resolved "https://registry.npmjs.org/@stablelib/binary/-/binary-1.0.1.tgz"
  integrity sha512-ClJWvmL6UBM/wjkvv/7m5VP3GMr9t0osr4yVgLZsLCOz4hGN9gIAFEqnJ0TsSMAN+n840nf2cHZnA5/KFqHC7Q==
  dependencies:
    "@stablelib/int" "^1.0.1"

"@stablelib/blake2b@^1.0.1":
  version "1.0.1"
  resolved "https://registry.npmjs.org/@stablelib/blake2b/-/blake2b-1.0.1.tgz"
  integrity sha512-B3KyKoBAjkIFeH7romcF96i+pVFYk7K2SBQ1pZvaxV+epSBXJ+n0C66esUhyz6FF+5FbdQVm77C5fzGFcEZpKA==
  dependencies:
    "@stablelib/binary" "^1.0.1"
    "@stablelib/hash" "^1.0.1"
    "@stablelib/wipe" "^1.0.1"

"@stablelib/ed25519@^1.0.3":
  version "1.0.3"
  resolved "https://registry.npmjs.org/@stablelib/ed25519/-/ed25519-1.0.3.tgz"
  integrity sha512-puIMWaX9QlRsbhxfDc5i+mNPMY+0TmQEskunY1rZEBPi1acBCVQAhnsk/1Hk50DGPtVsZtAWQg4NHGlVaO9Hqg==
  dependencies:
    "@stablelib/random" "^1.0.2"
    "@stablelib/sha512" "^1.0.1"
    "@stablelib/wipe" "^1.0.1"

"@stablelib/hash@^1.0.1":
  version "1.0.1"
  resolved "https://registry.npmjs.org/@stablelib/hash/-/hash-1.0.1.tgz"
  integrity sha512-eTPJc/stDkdtOcrNMZ6mcMK1e6yBbqRBaNW55XA1jU8w/7QdnCF0CmMmOD1m7VSkBR44PWrMHU2l6r8YEQHMgg==

"@stablelib/int@^1.0.1":
  version "1.0.1"
  resolved "https://registry.npmjs.org/@stablelib/int/-/int-1.0.1.tgz"
  integrity sha512-byr69X/sDtDiIjIV6m4roLVWnNNlRGzsvxw+agj8CIEazqWGOQp2dTYgQhtyVXV9wpO6WyXRQUzLV/JRNumT2w==

"@stablelib/random@^1.0.2":
  version "1.0.2"
  resolved "https://registry.npmjs.org/@stablelib/random/-/random-1.0.2.tgz"
  integrity sha512-rIsE83Xpb7clHPVRlBj8qNe5L8ISQOzjghYQm/dZ7VaM2KHYwMW5adjQjrzTZCchFnNCNhkwtnOBa9HTMJCI8w==
  dependencies:
    "@stablelib/binary" "^1.0.1"
    "@stablelib/wipe" "^1.0.1"

"@stablelib/sha512@^1.0.1":
  version "1.0.1"
  resolved "https://registry.npmjs.org/@stablelib/sha512/-/sha512-1.0.1.tgz"
  integrity sha512-13gl/iawHV9zvDKciLo1fQ8Bgn2Pvf7OV6amaRVKiq3pjQ3UmEpXxWiAfV8tYjUpeZroBxtyrwtdooQT/i3hzw==
  dependencies:
    "@stablelib/binary" "^1.0.1"
    "@stablelib/hash" "^1.0.1"
    "@stablelib/wipe" "^1.0.1"

"@stablelib/wipe@^1.0.1":
  version "1.0.1"
  resolved "https://registry.npmjs.org/@stablelib/wipe/-/wipe-1.0.1.tgz"
  integrity sha512-WfqfX/eXGiAd3RJe4VU2snh/ZPwtSjLG4ynQ/vYzvghTh7dHFcI1wl+nrkWG6lGhukOxOsUHfv8dUXr58D0ayg==

"@taquito/http-utils@*", "@taquito/http-utils@^15.1.0":
  version "15.1.0"
  resolved "https://registry.npmjs.org/@taquito/http-utils/-/http-utils-15.1.0.tgz"
  integrity sha512-Uug5hN0XvMlFFN+rxSMW+Y9Z8pw5uqHRDZC83eLOBSijbpMo+ScG/2nKkC8MUUrqLaLeHru1HD4kT5DHc1fI+A==
  dependencies:
    "@vespaiach/axios-fetch-adapter" "github:ecadlabs/axios-fetch-adapter"
    axios "^0.26.0"

"@taquito/local-forging@*":
  version "15.1.0"
  resolved "https://registry.npmjs.org/@taquito/local-forging/-/local-forging-15.1.0.tgz"
  integrity sha512-ib/2RqtxQQC9SjyTB9T5OSc5yUx9GUSdMOA4dmtiiFcN2+AG+aw7ixn6Hjt9Td8ZIOPt9H6HkyTypKrX7+cENw==
  dependencies:
    "@taquito/utils" "^15.1.0"
    bignumber.js "^9.1.0"

"@taquito/michel-codec@*":
  version "15.1.0"
  resolved "https://registry.npmjs.org/@taquito/michel-codec/-/michel-codec-15.1.0.tgz"
  integrity sha512-wKucIhs7vhaq5H+YSF2f6Qu9+g+QiEL6MPc5ROpxBrXJTeKSwBOEIpfqcKfkfMuecJyHZJW3glNfkpAVTCgkxg==

"@taquito/michelson-encoder@*":
  version "15.1.0"
  resolved "https://registry.npmjs.org/@taquito/michelson-encoder/-/michelson-encoder-15.1.0.tgz"
  integrity sha512-uQMEu3g+8WcYb5ZV6+XGvoWJhKoNxU0F2RqodLJB7UxQ1rI/OMa+VlxSLMt4niIxpKXqnO9j4tD7Y4mPC3ufaA==
  dependencies:
    "@taquito/rpc" "^15.1.0"
    "@taquito/utils" "^15.1.0"
    bignumber.js "^9.1.0"
    fast-json-stable-stringify "^2.1.0"

"@taquito/rpc@*", "@taquito/rpc@^15.1.0":
  version "15.1.0"
  resolved "https://registry.npmjs.org/@taquito/rpc/-/rpc-15.1.0.tgz"
  integrity sha512-OeQA8QwT+s6IUmLaF5yeWruPYzWi/DVCA3kl+AaQ8IFfCMzmAW/MszbbNkJSzHpY2p4jPBwdRNxg3qeJdL482A==
  dependencies:
    "@taquito/http-utils" "^15.1.0"
    "@taquito/utils" "^15.1.0"
    bignumber.js "^9.1.0"

"@taquito/taquito@^14.0.0":
  version "14.2.0"
  resolved "https://registry.npmjs.org/@taquito/taquito/-/taquito-14.2.0.tgz"
  integrity sha512-JrAUtANIVr02TFI6N87Xnn+KfgDT8hTA6IBeRhGfQnZH8nL1LG6/6q7uHZTw6D4ddfnMvxjgA/916cxAFcskFA==
  dependencies:
    "@taquito/http-utils" "*"
    "@taquito/local-forging" "*"
    "@taquito/michel-codec" "*"
    "@taquito/michelson-encoder" "*"
    "@taquito/rpc" "*"
    "@taquito/utils" "*"
    bignumber.js "^9.1.0"
    rxjs "^6.6.3"

"@taquito/utils@*", "@taquito/utils@^15.1.0":
  version "15.1.0"
  resolved "https://registry.npmjs.org/@taquito/utils/-/utils-15.1.0.tgz"
  integrity sha512-lqVThoFMmOKPg9jyREr4A63cpeckf5esCwOyOAW3sm+yCxD9s5khnBPtH8s52cRVnChFdwk/eqmADka9gat5hw==
  dependencies:
    "@stablelib/blake2b" "^1.0.1"
    "@stablelib/ed25519" "^1.0.3"
    "@types/bs58check" "^2.1.0"
    bignumber.js "^9.1.0"
    blakejs "^1.2.1"
    bs58check "^2.1.2"
    buffer "^6.0.3"
    elliptic "^6.5.4"
    typedarray-to-buffer "^4.0.0"

"@types/bs58check@^2.1.0":
  version "2.1.0"
  resolved "https://registry.npmjs.org/@types/bs58check/-/bs58check-2.1.0.tgz"
  integrity sha512-OxsysnJQh82vy9DRbOcw9m2j/WiyqZLn0YBhKxdQ+aCwoHj+tWzyCgpwAkr79IfDXZKxc6h7k89T9pwS78CqTQ==
  dependencies:
    "@types/node" "*"

"@types/node@*":
  version "15.0.0"
  resolved "https://registry.npmjs.org/@types/node/-/node-15.0.0.tgz"
  integrity sha512-YN1d+ae2MCb4U0mMa+Zlb5lWTdpFShbAj5nmte6lel27waMMBfivrm0prC16p/Di3DyTrmerrYUT8/145HXxVw==

"@types/prop-types@*":
  version "15.7.5"
  resolved "https://registry.npmjs.org/@types/prop-types/-/prop-types-15.7.5.tgz"
  integrity sha512-JCB8C6SnDoQf0cNycqd/35A7MjcnK+ZTqE7judS6o7utxUCg6imJg3QK2qzHKszlTjcj2cn+NwMB2i96ubpj7w==

"@types/react@^18.0.0":
  version "18.0.27"
  resolved "https://registry.yarnpkg.com/@types/react/-/react-18.0.27.tgz#d9425abe187a00f8a5ec182b010d4fd9da703b71"
  integrity sha512-3vtRKHgVxu3Jp9t718R9BuzoD4NcQ8YJ5XRzsSKxNDiDonD2MXIT1TmSkenxuCycZJoQT5d2vE8LwWJxBC1gmA==
  dependencies:
    "@types/prop-types" "*"
    "@types/scheduler" "*"
    csstype "^3.0.2"

"@types/scheduler@*":
  version "0.16.2"
  resolved "https://registry.npmjs.org/@types/scheduler/-/scheduler-0.16.2.tgz"
  integrity sha512-hppQEBDmlwhFAXKJX2KnWLYu5yMfi91yazPb2l+lbJiwW+wdo1gNeRA+3RgNSO39WYX2euey41KEwnqesU2Jew==

"@vespaiach/axios-fetch-adapter@github:ecadlabs/axios-fetch-adapter":
  version "0.3.1"
  resolved "https://codeload.github.com/ecadlabs/axios-fetch-adapter/tar.gz/05cf8ba547aae387933939850231e8abaf323efe"

axios@^0.26.0:
  version "0.26.1"
  resolved "https://registry.npmjs.org/axios/-/axios-0.26.1.tgz"
  integrity sha512-fPwcX4EvnSHuInCMItEhAGnaSEXRBjtzh9fOtsE6E1G6p7vl7edEeZe11QHf18+6+9gR5PbKV/sGKNaD8YaMeA==
  dependencies:
    follow-redirects "^1.14.8"

base-x@^3.0.2:
  version "3.0.9"
  resolved "https://registry.npmjs.org/base-x/-/base-x-3.0.9.tgz"
  integrity sha512-H7JU6iBHTal1gp56aKoaa//YUxEaAOUiydvrV/pILqIHXTtqxSkATOnDA2u+jZ/61sD+L/412+7kzXRtWukhpQ==
  dependencies:
    safe-buffer "^5.0.1"

base64-js@^1.3.1:
  version "1.5.1"
  resolved "https://registry.npmjs.org/base64-js/-/base64-js-1.5.1.tgz"
  integrity sha512-AKpaYlHn8t4SVbOHCy+b5+KKgvR4vrsD8vbvrbiQJps7fKDTkjkDry6ji0rUJjC0kzbNePLwzxq8iypo41qeWA==

bignumber.js@^9.1.0:
  version "9.1.1"
  resolved "https://registry.npmjs.org/bignumber.js/-/bignumber.js-9.1.1.tgz"
  integrity sha512-pHm4LsMJ6lzgNGVfZHjMoO8sdoRhOzOH4MLmY65Jg70bpxCKu5iOHNJyfF6OyvYw7t8Fpf35RuzUyqnQsj8Vig==

blakejs@^1.2.1:
  version "1.2.1"
  resolved "https://registry.npmjs.org/blakejs/-/blakejs-1.2.1.tgz"
  integrity sha512-QXUSXI3QVc/gJME0dBpXrag1kbzOqCjCX8/b54ntNyW6sjtoqxqRk3LTmXzaJoh71zMsDCjM+47jS7XiwN/+fQ==

bn.js@^4.11.9:
  version "4.12.0"
  resolved "https://registry.npmjs.org/bn.js/-/bn.js-4.12.0.tgz"
  integrity sha512-c98Bf3tPniI+scsdk237ku1Dc3ujXQTSgyiPUDEOe7tRkhrqridvh8klBv0HCEso1OLOYcHuCv/cS6DNxKH+ZA==

brorand@^1.1.0:
  version "1.1.0"
  resolved "https://registry.npmjs.org/brorand/-/brorand-1.1.0.tgz"
  integrity sha512-cKV8tMCEpQs4hK/ik71d6LrPOnpkpGBR0wzxqr68g2m/LB2GxVYQroAjMJZRVM1Y4BCjCKc3vAamxSzOY2RP+w==

bs58@^4.0.0:
  version "4.0.1"
  resolved "https://registry.npmjs.org/bs58/-/bs58-4.0.1.tgz"
  integrity sha512-Ok3Wdf5vOIlBrgCvTq96gBkJw+JUEzdBgyaza5HLtPm7yTHkjRy8+JzNyHF7BHa0bNWOQIp3m5YF0nnFcOIKLw==
  dependencies:
    base-x "^3.0.2"

bs58check@^2.1.2:
  version "2.1.2"
  resolved "https://registry.npmjs.org/bs58check/-/bs58check-2.1.2.tgz"
  integrity sha512-0TS1jicxdU09dwJMNZtVAfzPi6Q6QeN0pM1Fkzrjn+XYHvzMKPU3pHVpva+769iNVSfIYWf7LJ6WR+BuuMf8cA==
  dependencies:
    bs58 "^4.0.0"
    create-hash "^1.1.0"
    safe-buffer "^5.1.2"

buffer@^6.0.3:
  version "6.0.3"
  resolved "https://registry.npmjs.org/buffer/-/buffer-6.0.3.tgz"
  integrity sha512-FTiCpNxtwiZZHEZbcbTIcZjERVICn9yq/pDFkTl95/AxzD1naBctN7YO68riM/gLSDY7sdrMby8hofADYuuqOA==
  dependencies:
    base64-js "^1.3.1"
    ieee754 "^1.2.1"

cipher-base@^1.0.1:
  version "1.0.4"
  resolved "https://registry.npmjs.org/cipher-base/-/cipher-base-1.0.4.tgz"
  integrity sha512-Kkht5ye6ZGmwv40uUDZztayT2ThLQGfnj/T71N/XzeZeo3nf8foyW7zGTsPYkEya3m5f3cAypH+qe7YOrM1U2Q==
  dependencies:
    inherits "^2.0.1"
    safe-buffer "^5.0.1"

create-hash@^1.1.0:
  version "1.2.0"
  resolved "https://registry.npmjs.org/create-hash/-/create-hash-1.2.0.tgz"
  integrity sha512-z00bCGNHDG8mHAkP7CtT1qVu+bFQUPjYq/4Iv3C3kWjTFV10zIjfSoeqXo9Asws8gwSHDGj/hl2u4OGIjapeCg==
  dependencies:
    cipher-base "^1.0.1"
    inherits "^2.0.1"
    md5.js "^1.3.4"
    ripemd160 "^2.0.1"
    sha.js "^2.4.0"

csstype@^3.0.2:
  version "3.1.1"
  resolved "https://registry.npmjs.org/csstype/-/csstype-3.1.1.tgz"
  integrity sha512-DJR/VvkAvSZW9bTouZue2sSxDwdTN92uHjqeKVm+0dAqdfNykRzQ95tay8aXMBAAPpUiq4Qcug2L7neoRh2Egw==

detect-libc@^2.0.1:
  version "2.0.1"
  resolved "https://registry.npmjs.org/detect-libc/-/detect-libc-2.0.1.tgz"
  integrity sha512-463v3ZeIrcWtdgIg6vI6XUncguvr2TnGl4SzDXinkt9mSLpBJKXT3mW6xT3VQdDN11+WVs29pgvivTc4Lp8v+w==

elliptic@^6.5.4:
  version "6.5.4"
  resolved "https://registry.npmjs.org/elliptic/-/elliptic-6.5.4.tgz"
  integrity sha512-iLhC6ULemrljPZb+QutR5TQGB+pdW6KGD5RSegS+8sorOZT+rdQFbsQFJgvN3eRqNALqJer4oQ16YvJHlU8hzQ==
  dependencies:
    bn.js "^4.11.9"
    brorand "^1.1.0"
    hash.js "^1.0.0"
    hmac-drbg "^1.0.1"
    inherits "^2.0.4"
    minimalistic-assert "^1.0.1"
    minimalistic-crypto-utils "^1.0.1"

fast-json-stable-stringify@^2.1.0:
  version "2.1.0"
  resolved "https://registry.npmjs.org/fast-json-stable-stringify/-/fast-json-stable-stringify-2.1.0.tgz"
  integrity sha512-lhd/wF+Lk98HZoTCtlVraHtfh5XYijIjalXck7saUtuanSDyLMxnHhSXEDJqHxD7msR8D0uCmqlkwjCV8xvwHw==

follow-redirects@^1.14.8:
  version "1.15.2"
  resolved "https://registry.npmjs.org/follow-redirects/-/follow-redirects-1.15.2.tgz"
  integrity sha512-VQLG33o04KaQ8uYi2tVNbdrWp1QWxNNea+nmIB4EVM28v0hmP17z7aG1+wAkNzVq4KeXTq3221ye5qTJP91JwA==

hash-base@^3.0.0:
  version "3.1.0"
  resolved "https://registry.npmjs.org/hash-base/-/hash-base-3.1.0.tgz"
  integrity sha512-1nmYp/rhMDiE7AYkDw+lLwlAzz0AntGIe51F3RfFfEqyQ3feY2eI/NcwC6umIQVOASPMsWJLJScWKSSvzL9IVA==
  dependencies:
    inherits "^2.0.4"
    readable-stream "^3.6.0"
    safe-buffer "^5.2.0"

hash.js@^1.0.0, hash.js@^1.0.3:
  version "1.1.7"
  resolved "https://registry.npmjs.org/hash.js/-/hash.js-1.1.7.tgz"
  integrity sha512-taOaskGt4z4SOANNseOviYDvjEJinIkRgmp7LbKP2YTTmVxWBl87s/uzK9r+44BclBSp2X7K1hqeNfz9JbBeXA==
  dependencies:
    inherits "^2.0.3"
    minimalistic-assert "^1.0.1"

hmac-drbg@^1.0.1:
  version "1.0.1"
  resolved "https://registry.npmjs.org/hmac-drbg/-/hmac-drbg-1.0.1.tgz"
  integrity sha512-Tti3gMqLdZfhOQY1Mzf/AanLiqh1WTiJgEj26ZuYQ9fbkLomzGchCws4FyrSd4VkpBfiNhaE1On+lOz894jvXg==
  dependencies:
    hash.js "^1.0.3"
    minimalistic-assert "^1.0.0"
    minimalistic-crypto-utils "^1.0.1"

ieee754@^1.2.1:
  version "1.2.1"
  resolved "https://registry.npmjs.org/ieee754/-/ieee754-1.2.1.tgz"
  integrity sha512-dcyqhDvX1C46lXZcVqCpK+FtMRQVdIMN6/Df5js2zouUsqG7I6sFxitIC+7KYK29KdXOLHdu9zL4sFnoVQnqaA==

inherits@^2.0.1, inherits@^2.0.3, inherits@^2.0.4:
  version "2.0.4"
  resolved "https://registry.npmjs.org/inherits/-/inherits-2.0.4.tgz"
  integrity sha512-k/vGaX4/Yla3WzyMCvTQOXYeIHvqOKtnqBduzTHpzpQZzAskKMhZ2K+EnBiSM9zGSoIFeMpXKxa4dYeZIQqewQ==

"js-tokens@^3.0.0 || ^4.0.0":
  version "4.0.0"
  resolved "https://registry.npmjs.org/js-tokens/-/js-tokens-4.0.0.tgz"
  integrity sha512-RdJUflcE3cUzKiMqQgsCu06FPu9UdIJO0beYbPhHN4k6apgJtifcoCtT9bcxOpYBtpD2kCM6Sbzg4CausW/PKQ==

loose-envify@^1.1.0:
  version "1.4.0"
  resolved "https://registry.npmjs.org/loose-envify/-/loose-envify-1.4.0.tgz"
  integrity sha512-lyuxPGr/Wfhrlem2CL/UcnUc1zcqKAImBDzukY7Y5F/yQiNdko6+fRLevlw1HgMySw7f611UIY408EtxRSoK3Q==
  dependencies:
    js-tokens "^3.0.0 || ^4.0.0"

md5.js@^1.3.4:
  version "1.3.5"
  resolved "https://registry.npmjs.org/md5.js/-/md5.js-1.3.5.tgz"
  integrity sha512-xitP+WxNPcTTOgnTJcrhM0xvdPepipPSf3I8EIpGKeFLjt3PlJLIDG3u8EX53ZIubkb+5U2+3rELYpEhHhzdkg==
  dependencies:
    hash-base "^3.0.0"
    inherits "^2.0.1"
    safe-buffer "^5.1.2"

minimalistic-assert@^1.0.0, minimalistic-assert@^1.0.1:
  version "1.0.1"
  resolved "https://registry.npmjs.org/minimalistic-assert/-/minimalistic-assert-1.0.1.tgz"
  integrity sha512-UtJcAD4yEaGtjPezWuO9wC4nwUnVH/8/Im3yEHQP4b67cXlD/Qr9hdITCU1xDbSEXg2XKNaP8jsReV7vQd00/A==

minimalistic-crypto-utils@^1.0.1:
  version "1.0.1"
  resolved "https://registry.npmjs.org/minimalistic-crypto-utils/-/minimalistic-crypto-utils-1.0.1.tgz"
  integrity sha512-JIYlbt6g8i5jKfJ3xz7rF0LXmv2TkDxBLUkiBeZ7bAx4GnnNMr8xFpGnOxn6GhTEHx3SjRrZEoU+j04prX1ktg==

react@18.1.0:
  version "18.1.0"
  resolved "https://registry.npmjs.org/react/-/react-18.1.0.tgz"
  integrity sha512-4oL8ivCz5ZEPyclFQXaNksK3adutVS8l2xzZU0cqEFrE9Sb7fC0EFK5uEk74wIreL1DERyjvsU915j1pcT2uEQ==
  dependencies:
    loose-envify "^1.1.0"

readable-stream@^3.6.0:
  version "3.6.0"
  resolved "https://registry.npmjs.org/readable-stream/-/readable-stream-3.6.0.tgz"
  integrity sha512-BViHy7LKeTz4oNnkcLJ+lVSL6vpiFeX6/d3oSH8zCW7UxP2onchk+vTGB143xuFjHS3deTgkKoXXymXqymiIdA==
  dependencies:
    inherits "^2.0.3"
    string_decoder "^1.1.1"
    util-deprecate "^1.0.1"

ripemd160@^2.0.1:
  version "2.0.2"
  resolved "https://registry.npmjs.org/ripemd160/-/ripemd160-2.0.2.tgz"
  integrity sha512-ii4iagi25WusVoiC4B4lq7pbXfAp3D9v5CwfkY33vffw2+pkDjY1D8GaN7spsxvCSx8dkPqOZCEZyfxcmJG2IA==
  dependencies:
    hash-base "^3.0.0"
    inherits "^2.0.1"

rxjs@^6.6.3:
  version "6.6.7"
  resolved "https://registry.npmjs.org/rxjs/-/rxjs-6.6.7.tgz"
  integrity sha512-hTdwr+7yYNIT5n4AMYp85KA6yw2Va0FLa3Rguvbpa4W3I5xynaBZo41cM3XM+4Q6fRMj3sBYIR1VAmZMXYJvRQ==
  dependencies:
    tslib "^1.9.0"

safe-buffer@^5.0.1, safe-buffer@^5.1.2, safe-buffer@^5.2.0, safe-buffer@~5.2.0:
  version "5.2.1"
  resolved "https://registry.npmjs.org/safe-buffer/-/safe-buffer-5.2.1.tgz"
  integrity sha512-rp3So07KcdmmKbGvgaNxQSJr7bGVSVk5S9Eq1F+ppbRo70+YeaDxkw5Dd8NPN+GD6bjnYm2VuPuCXmpuYvmCXQ==

sha.js@^2.4.0:
  version "2.4.11"
  resolved "https://registry.npmjs.org/sha.js/-/sha.js-2.4.11.tgz"
  integrity sha512-QMEp5B7cftE7APOjk5Y6xgrbWu+WkLVQwk8JNjZ8nKRciZaByEW6MubieAiToS7+dwvrjGhH8jRXz3MVd0AYqQ==
  dependencies:
    inherits "^2.0.1"
    safe-buffer "^5.0.1"

string_decoder@^1.1.1:
  version "1.3.0"
  resolved "https://registry.npmjs.org/string_decoder/-/string_decoder-1.3.0.tgz"
  integrity sha512-hkRX8U1WjJFd8LsDJ2yQ/wWWxaopEsABU1XfkM8A+j0+85JAGppt16cr1Whg6KIbb4okU6Mql6BOj+uup/wKeA==
  dependencies:
    safe-buffer "~5.2.0"

tsconfig-moon@^1.2.1:
  version "1.2.1"
  resolved "https://registry.npmjs.org/tsconfig-moon/-/tsconfig-moon-1.2.1.tgz"
  integrity sha512-nAUeWsZ6FlUvNWWRVWIrr2J8sJn8dnPdY/q+sry3+mIkwaBnnC5eTHvZ+d1Bqsd0v6pcUaa+r9U+FrNpW8czSA==

tslib@^1.9.0:
  version "1.14.1"
  resolved "https://registry.npmjs.org/tslib/-/tslib-1.14.1.tgz"
  integrity sha512-Xni35NKzjgMrwevysHTCArtLDpPvye8zV/0E4EyYn43P7/7qvQwPh9BGkHewbMulVntbigmcT7rdX3BNo9wRJg==

typedarray-to-buffer@^4.0.0:
  version "4.0.0"
  resolved "https://registry.yarnpkg.com/typedarray-to-buffer/-/typedarray-to-buffer-4.0.0.tgz#cdd2933c61dd3f5f02eda5d012d441f95bfeb50a"
  integrity sha512-6dOYeZfS3O9RtRD1caom0sMxgK59b27+IwoNy8RDPsmslSGOyU+mpTamlaIW7aNKi90ZQZ9DFaZL3YRoiSCULQ==

typescript@^4.9.4:
  version "4.9.4"
  resolved "https://registry.npmjs.org/typescript/-/typescript-4.9.4.tgz"
  integrity sha512-Uz+dTXYzxXXbsFpM86Wh3dKCxrQqUcVMxwU54orwlJjOpO3ao8L7j5lH+dWfTwgCwIuM9GQ2kvVotzYJMXTBZg==

util-deprecate@^1.0.1:
  version "1.0.2"
  resolved "https://registry.npmjs.org/util-deprecate/-/util-deprecate-1.0.2.tgz"
  integrity sha512-EPD5q1uXyFxJpCrLnCc1nHnq3gOa6DZBocAIiI2TaSCA7VCJ1UJDMagCzIkXNsUYfD1daK//LTEQ8xiIbrHtcw==
